<?xml version="1.0" encoding="utf-8"?>
<Project ToolsVersion="4.0" xmlns="http://schemas.microsoft.com/developer/msbuild/2003">
  <ItemGroup>
    <Filter Include="源文件">
      <UniqueIdentifier>{4FC737F1-C7A5-4376-A066-2A32D752A2FF}</UniqueIdentifier>
      <Extensions>cpp;c;cc;cxx;def;odl;idl;hpj;bat;asm;asmx</Extensions>
    </Filter>
    <Filter Include="头文件">
      <UniqueIdentifier>{93995380-89BD-4b04-88EB-625FBE52EBFB}</UniqueIdentifier>
      <Extensions>h;hh;hpp;hxx;hm;inl;inc;xsd</Extensions>
    </Filter>
    <Filter Include="资源文件">
      <UniqueIdentifier>{67DA6AB6-F800-4c08-8B7A-83BB121AAD01}</UniqueIdentifier>
      <Extensions>rc;ico;cur;bmp;dlg;rc2;rct;bin;rgs;gif;jpg;jpeg;jpe;resx;tiff;tif;png;wav;mfcribbon-ms</Extensions>
    </Filter>
  </ItemGroup>
  <ItemGroup>
    <ClCompile Include="..\src\blob.cpp">
      <Filter>头文件</Filter>
    </ClCompile>
    <ClCompile Include="..\src\cpu.cpp">
      <Filter>头文件</Filter>
    </ClCompile>
    <ClCompile Include="..\src\layer.cpp">
      <Filter>头文件</Filter>
    </ClCompile>
    <ClCompile Include="..\src\mat.cpp">
      <Filter>头文件</Filter>
    </ClCompile>
    <ClCompile Include="..\src\mat_pixel.cpp">
      <Filter>头文件</Filter>
    </ClCompile>
    <ClCompile Include="..\src\net.cpp">
      <Filter>头文件</Filter>
    </ClCompile>
    <ClCompile Include="..\src\opencv.cpp">
      <Filter>头文件</Filter>
    </ClCompile>
    <ClCompile Include="..\src\layer\absval.cpp">
      <Filter>头文件</Filter>
    </ClCompile>
    <ClCompile Include="..\src\layer\argmax.cpp">
      <Filter>头文件</Filter>
    </ClCompile>
    <ClCompile Include="..\src\layer\batchnorm.cpp">
      <Filter>头文件</Filter>
    </ClCompile>
    <ClCompile Include="..\src\layer\bias.cpp">
      <Filter>头文件</Filter>
    </ClCompile>
    <ClCompile Include="..\src\layer\bnll.cpp">
      <Filter>头文件</Filter>
    </ClCompile>
    <ClCompile Include="..\src\layer\concat.cpp">
      <Filter>头文件</Filter>
    </ClCompile>
    <ClCompile Include="..\src\layer\convolution.cpp">
      <Filter>头文件</Filter>
    </ClCompile>
    <ClCompile Include="..\src\layer\crop.cpp">
      <Filter>头文件</Filter>
    </ClCompile>
    <ClCompile Include="..\src\layer\deconvolution.cpp">
      <Filter>头文件</Filter>
    </ClCompile>
    <ClCompile Include="..\src\layer\dropout.cpp">
      <Filter>头文件</Filter>
    </ClCompile>
    <ClCompile Include="..\src\layer\eltwise.cpp">
      <Filter>头文件</Filter>
    </ClCompile>
    <ClCompile Include="..\src\layer\elu.cpp">
      <Filter>头文件</Filter>
    </ClCompile>
    <ClCompile Include="..\src\layer\embed.cpp">
      <Filter>头文件</Filter>
    </ClCompile>
    <ClCompile Include="..\src\layer\exp.cpp">
      <Filter>头文件</Filter>
    </ClCompile>
    <ClCompile Include="..\src\layer\flatten.cpp">
      <Filter>头文件</Filter>
    </ClCompile>
    <ClCompile Include="..\src\layer\innerproduct.cpp">
      <Filter>头文件</Filter>
    </ClCompile>
    <ClCompile Include="..\src\layer\input.cpp">
      <Filter>头文件</Filter>
    </ClCompile>
    <ClCompile Include="..\src\layer\log.cpp">
      <Filter>头文件</Filter>
    </ClCompile>
    <ClCompile Include="..\src\layer\lrn.cpp">
      <Filter>头文件</Filter>
    </ClCompile>
    <ClCompile Include="..\src\layer\lstm.cpp">
      <Filter>头文件</Filter>
    </ClCompile>
    <ClCompile Include="..\src\layer\memorydata.cpp">
      <Filter>头文件</Filter>
    </ClCompile>
    <ClCompile Include="..\src\layer\mvn.cpp">
      <Filter>头文件</Filter>
    </ClCompile>
    <ClCompile Include="..\src\layer\pooling.cpp">
      <Filter>头文件</Filter>
    </ClCompile>
    <ClCompile Include="..\src\layer\power.cpp">
      <Filter>头文件</Filter>
    </ClCompile>
    <ClCompile Include="..\src\layer\prelu.cpp">
      <Filter>头文件</Filter>
    </ClCompile>
    <ClCompile Include="..\src\layer\proposal.cpp">
      <Filter>头文件</Filter>
    </ClCompile>
    <ClCompile Include="..\src\layer\reduction.cpp">
      <Filter>头文件</Filter>
    </ClCompile>
    <ClCompile Include="..\src\layer\relu.cpp">
      <Filter>头文件</Filter>
    </ClCompile>
    <ClCompile Include="..\src\layer\reshape.cpp">
      <Filter>头文件</Filter>
    </ClCompile>
    <ClCompile Include="..\src\layer\rnn.cpp">
      <Filter>头文件</Filter>
    </ClCompile>
    <ClCompile Include="..\src\layer\roipooling.cpp">
      <Filter>头文件</Filter>
    </ClCompile>
    <ClCompile Include="..\src\layer\scale.cpp">
      <Filter>头文件</Filter>
    </ClCompile>
    <ClCompile Include="..\src\layer\sigmoid.cpp">
      <Filter>头文件</Filter>
    </ClCompile>
    <ClCompile Include="..\src\layer\slice.cpp">
      <Filter>头文件</Filter>
    </ClCompile>
    <ClCompile Include="..\src\layer\softmax.cpp">
      <Filter>头文件</Filter>
    </ClCompile>
    <ClCompile Include="..\src\layer\split.cpp">
      <Filter>头文件</Filter>
    </ClCompile>
    <ClCompile Include="..\src\layer\spp.cpp">
      <Filter>头文件</Filter>
    </ClCompile>
    <ClCompile Include="..\src\layer\tanh.cpp">
      <Filter>头文件</Filter>
    </ClCompile>
    <ClCompile Include="..\src\layer\threshold.cpp">
      <Filter>头文件</Filter>
    </ClCompile>
    <ClCompile Include="..\src\layer\tile.cpp">
      <Filter>头文件</Filter>
    </ClCompile>
    <ClCompile Include="..\src\layer\x86\convolution_x86.cpp">
      <Filter>头文件</Filter>
    </ClCompile>
    <ClCompile Include="..\examples\squeezenet.cpp">
      <Filter>源文件</Filter>
    </ClCompile>
  </ItemGroup>
  <ItemGroup>
    <ClInclude Include="..\src\blob.h">
      <Filter>头文件</Filter>
    </ClInclude>
    <ClInclude Include="..\src\cpu.h">
      <Filter>头文件</Filter>
    </ClInclude>
    <ClInclude Include="..\src\layer.h">
      <Filter>头文件</Filter>
    </ClInclude>
    <ClInclude Include="..\src\mat.h">
      <Filter>头文件</Filter>
    </ClInclude>
    <ClInclude Include="..\src\net.h">
      <Filter>头文件</Filter>
    </ClInclude>
    <ClInclude Include="..\src\opencv.h">
      <Filter>头文件</Filter>
    </ClInclude>
    <ClInclude Include="..\src\layer\absval.h">
      <Filter>头文件</Filter>
    </ClInclude>
    <ClInclude Include="..\src\layer\argmax.h">
      <Filter>头文件</Filter>
    </ClInclude>
    <ClInclude Include="..\src\layer\batchnorm.h">
      <Filter>头文件</Filter>
    </ClInclude>
    <ClInclude Include="..\src\layer\bias.h">
      <Filter>头文件</Filter>
    </ClInclude>
    <ClInclude Include="..\src\layer\bnll.h">
      <Filter>头文件</Filter>
    </ClInclude>
    <ClInclude Include="..\src\layer\concat.h">
      <Filter>头文件</Filter>
    </ClInclude>
    <ClInclude Include="..\src\layer\convolution.h">
      <Filter>头文件</Filter>
    </ClInclude>
    <ClInclude Include="..\src\layer\crop.h">
      <Filter>头文件</Filter>
    </ClInclude>
    <ClInclude Include="..\src\layer\deconvolution.h">
      <Filter>头文件</Filter>
    </ClInclude>
    <ClInclude Include="..\src\layer\dropout.h">
      <Filter>头文件</Filter>
    </ClInclude>
    <ClInclude Include="..\src\layer\eltwise.h">
      <Filter>头文件</Filter>
    </ClInclude>
    <ClInclude Include="..\src\layer\elu.h">
      <Filter>头文件</Filter>
    </ClInclude>
    <ClInclude Include="..\src\layer\embed.h">
      <Filter>头文件</Filter>
    </ClInclude>
    <ClInclude Include="..\src\layer\exp.h">
      <Filter>头文件</Filter>
    </ClInclude>
    <ClInclude Include="..\src\layer\flatten.h">
      <Filter>头文件</Filter>
    </ClInclude>
    <ClInclude Include="..\src\layer\innerproduct.h">
      <Filter>头文件</Filter>
    </ClInclude>
    <ClInclude Include="..\src\layer\input.h">
      <Filter>头文件</Filter>
    </ClInclude>
    <ClInclude Include="..\src\layer\log.h">
      <Filter>头文件</Filter>
    </ClInclude>
    <ClInclude Include="..\src\layer\lrn.h">
      <Filter>头文件</Filter>
    </ClInclude>
    <ClInclude Include="..\src\layer\lstm.h">
      <Filter>头文件</Filter>
    </ClInclude>
    <ClInclude Include="..\src\layer\memorydata.h">
      <Filter>头文件</Filter>
    </ClInclude>
    <ClInclude Include="..\src\layer\mvn.h">
      <Filter>头文件</Filter>
    </ClInclude>
    <ClInclude Include="..\src\layer\pooling.h">
      <Filter>头文件</Filter>
    </ClInclude>
    <ClInclude Include="..\src\layer\power.h">
      <Filter>头文件</Filter>
    </ClInclude>
    <ClInclude Include="..\src\layer\prelu.h">
      <Filter>头文件</Filter>
    </ClInclude>
    <ClInclude Include="..\src\layer\proposal.h">
      <Filter>头文件</Filter>
    </ClInclude>
    <ClInclude Include="..\src\layer\reduction.h">
      <Filter>头文件</Filter>
    </ClInclude>
    <ClInclude Include="..\src\layer\relu.h">
      <Filter>头文件</Filter>
    </ClInclude>
    <ClInclude Include="..\src\layer\reshape.h">
      <Filter>头文件</Filter>
    </ClInclude>
    <ClInclude Include="..\src\layer\rnn.h">
      <Filter>头文件</Filter>
    </ClInclude>
    <ClInclude Include="..\src\layer\roipooling.h">
      <Filter>头文件</Filter>
    </ClInclude>
    <ClInclude Include="..\src\layer\scale.h">
      <Filter>头文件</Filter>
    </ClInclude>
    <ClInclude Include="..\src\layer\sigmoid.h">
      <Filter>头文件</Filter>
    </ClInclude>
    <ClInclude Include="..\src\layer\slice.h">
      <Filter>头文件</Filter>
    </ClInclude>
    <ClInclude Include="..\src\layer\softmax.h">
      <Filter>头文件</Filter>
    </ClInclude>
    <ClInclude Include="..\src\layer\split.h">
      <Filter>头文件</Filter>
    </ClInclude>
    <ClInclude Include="..\src\layer\spp.h">
      <Filter>头文件</Filter>
    </ClInclude>
    <ClInclude Include="..\src\layer\tanh.h">
      <Filter>头文件</Filter>
    </ClInclude>
    <ClInclude Include="..\src\layer\threshold.h">
      <Filter>头文件</Filter>
    </ClInclude>
    <ClInclude Include="..\src\layer\tile.h">
      <Filter>头文件</Filter>
    </ClInclude>
    <ClInclude Include="..\src\layer\x86\avx_mathfun.h">
      <Filter>头文件</Filter>
    </ClInclude>
    <ClInclude Include="..\src\layer\x86\convolution_3x3.h">
      <Filter>头文件</Filter>
    </ClInclude>
    <ClInclude Include="..\src\layer\x86\convolution_5x5.h">
      <Filter>头文件</Filter>
    </ClInclude>
    <ClInclude Include="..\src\layer\x86\convolution_x86.h">
      <Filter>头文件</Filter>
    </ClInclude>
    <ClInclude Include="..\src\layer\x86\sse_mathfun.h">
      <Filter>头文件</Filter>
    </ClInclude>
  </ItemGroup>
  <ItemGroup>
    <None Include="..\src\platform.h">
      <Filter>头文件</Filter>
    </None>
  </ItemGroup>
</Project>